
Microsoft Visual Studio Solution File, Format Version 12.00
# Visual Studio Version 17
VisualStudioVersion = 17.5.002.0
MinimumVisualStudioVersion = 10.0.40219.1
Project("{9A19103F-16F7-4668-BE54-9A1E7A4F7556}") = "Bookify.Domain", "Bookify.Domain.csproj", "{23CA056C-A339-479A-9FD9-641D72C6F30E}"
EndProject
Project("{FAE04EC0-301F-11D3-BF4B-00C04F79EFBC}") = "Bookify.Application", "..\Bookify.Application\Bookify.Application.csproj", "{3F5F77D3-23C6-4B83-BF9A-A1C8A1B896AD}"
EndProject
Global
	GlobalSection(SolutionConfigurationPlatforms) = preSolution
		Debug|Any CPU = Debug|Any CPU
		Release|Any CPU = Release|Any CPU
	EndGlobalSection
	GlobalSection(ProjectConfigurationPlatforms) = postSolution
		{23CA056C-A339-479A-9FD9-641D72C6F30E}.Debug|Any CPU.ActiveCfg = Debug|Any CPU
		{23CA056C-A339-479A-9FD9-641D72C6F30E}.Debug|Any CPU.Build.0 = Debug|Any CPU
		{23CA056C-A339-479A-9FD9-641D72C6F30E}.Release|Any CPU.ActiveCfg = Release|Any CPU
		{23CA056C-A339-479A-9FD9-641D72C6F30E}.Release|Any CPU.Build.0 = Release|Any CPU
		{3F5F77D3-23C6-4B83-BF9A-A1C8A1B896AD}.Debug|Any CPU.ActiveCfg = Debug|Any CPU
		{3F5F77D3-23C6-4B83-BF9A-A1C8A1B896AD}.Debug|Any CPU.Build.0 = Debug|Any CPU
		{3F5F77D3-23C6-4B83-BF9A-A1C8A1B896AD}.Release|Any CPU.ActiveCfg = Release|Any CPU
		{3F5F77D3-23C6-4B83-BF9A-A1C8A1B896AD}.Release|Any CPU.Build.0 = Release|Any CPU
	EndGlobalSection
	GlobalSection(SolutionProperties) = preSolution
		HideSolutionNode = FALSE
	EndGlobalSection
	GlobalSection(ExtensibilityGlobals) = postSolution
		SolutionGuid = {5801DE5E-91B7-41BA-BC8D-73F948089D73}
	EndGlobalSection
EndGlobal
